
Microsoft Visual Studio Solution File, Format Version 12.00
# Visual Studio Version 17
VisualStudioVersion = 17.14.37203.1 d17.14
MinimumVisualStudioVersion = 10.0.40219.1
Project("{FAE04EC0-301F-11D3-BF4B-00C04F79EFBC}") = "Ejercicio5_Gestor", "Ejercicio5_Gestor.csproj", "{FDA99560-340F-4B70-8A3E-373AE6E8F187}"
EndProject
Global
	GlobalSection(SolutionConfigurationPlatforms) = preSolution
		Debug|Any CPU = Debug|Any CPU
		Release|Any CPU = Release|Any CPU
	EndGlobalSection
	GlobalSection(ProjectConfigurationPlatforms) = postSolution
		{FDA99560-340F-4B70-8A3E-373AE6E8F187}.Debug|Any CPU.ActiveCfg = Debug|Any CPU
		{FDA99560-340F-4B70-8A3E-373AE6E8F187}.Debug|Any CPU.Build.0 = Debug|Any CPU
		{FDA99560-340F-4B70-8A3E-373AE6E8F187}.Release|Any CPU.ActiveCfg = Release|Any CPU
		{FDA99560-340F-4B70-8A3E-373AE6E8F187}.Release|Any CPU.Build.0 = Release|Any CPU
	EndGlobalSection
	GlobalSection(SolutionProperties) = preSolution
		HideSolutionNode = FALSE
	EndGlobalSection
	GlobalSection(ExtensibilityGlobals) = postSolution
		SolutionGuid = {1645218F-1467-4DF3-A4AF-C12FD08F8C1B}
	EndGlobalSection
EndGlobal
