
Microsoft Visual Studio Solution File, Format Version 12.00
# Visual Studio Version 17
VisualStudioVersion = 17.14.37216.2 d17.14
MinimumVisualStudioVersion = 10.0.40219.1
Project("{FAE04EC0-301F-11D3-BF4B-00C04F79EFBC}") = "ProyectoFinal_Etapa1", "ProyectoFinal_Etapa1.csproj", "{51F8B743-2E7D-4B33-840C-6A5EE78C3030}"
EndProject
Global
	GlobalSection(SolutionConfigurationPlatforms) = preSolution
		Debug|Any CPU = Debug|Any CPU
		Release|Any CPU = Release|Any CPU
	EndGlobalSection
	GlobalSection(ProjectConfigurationPlatforms) = postSolution
		{51F8B743-2E7D-4B33-840C-6A5EE78C3030}.Debug|Any CPU.ActiveCfg = Debug|Any CPU
		{51F8B743-2E7D-4B33-840C-6A5EE78C3030}.Debug|Any CPU.Build.0 = Debug|Any CPU
		{51F8B743-2E7D-4B33-840C-6A5EE78C3030}.Release|Any CPU.ActiveCfg = Release|Any CPU
		{51F8B743-2E7D-4B33-840C-6A5EE78C3030}.Release|Any CPU.Build.0 = Release|Any CPU
	EndGlobalSection
	GlobalSection(SolutionProperties) = preSolution
		HideSolutionNode = FALSE
	EndGlobalSection
	GlobalSection(ExtensibilityGlobals) = postSolution
		SolutionGuid = {697504B0-F2EB-4724-85B5-D1C69BB9DE06}
	EndGlobalSection
EndGlobal
