
Microsoft Visual Studio Solution File, Format Version 12.00
# Visual Studio Version 17
VisualStudioVersion = 17.14.37203.1 d17.14
MinimumVisualStudioVersion = 10.0.40219.1
Project("{FAE04EC0-301F-11D3-BF4B-00C04F79EFBC}") = "MiPrimerApp", "MiPrimerApp.csproj", "{D63CE223-1C29-492D-822E-3A831FA6133E}"
EndProject
Global
	GlobalSection(SolutionConfigurationPlatforms) = preSolution
		Debug|Any CPU = Debug|Any CPU
		Release|Any CPU = Release|Any CPU
	EndGlobalSection
	GlobalSection(ProjectConfigurationPlatforms) = postSolution
		{D63CE223-1C29-492D-822E-3A831FA6133E}.Debug|Any CPU.ActiveCfg = Debug|Any CPU
		{D63CE223-1C29-492D-822E-3A831FA6133E}.Debug|Any CPU.Build.0 = Debug|Any CPU
		{D63CE223-1C29-492D-822E-3A831FA6133E}.Release|Any CPU.ActiveCfg = Release|Any CPU
		{D63CE223-1C29-492D-822E-3A831FA6133E}.Release|Any CPU.Build.0 = Release|Any CPU
	EndGlobalSection
	GlobalSection(SolutionProperties) = preSolution
		HideSolutionNode = FALSE
	EndGlobalSection
	GlobalSection(ExtensibilityGlobals) = postSolution
		SolutionGuid = {0DDE1000-B675-4DFF-9E43-386AB3D94B47}
	EndGlobalSection
EndGlobal
